Microsoft Visual Studio Solution File, Format Version 8.00
Project("{8BC9CEB8-8B4A-11D0-8D11-00A0C91BC942}") = "Orbiter", "Orbiter_PocketFrog.vcproj", "{BFB764EC-A94C-414F-AE25-7EECDFEE8BBA}"
	ProjectSection(ProjectDependencies) = postProject
	EndProjectSection
EndProject
Global
	GlobalSection(SolutionConfiguration) = preSolution
		Debug = Debug
		Release = Release
	EndGlobalSection
	GlobalSection(ProjectConfiguration) = postSolution
		{BFB764EC-A94C-414F-AE25-7EECDFEE8BBA}.Debug.ActiveCfg = Debug|Win32
		{BFB764EC-A94C-414F-AE25-7EECDFEE8BBA}.Debug.Build.0 = Debug|Win32
		{BFB764EC-A94C-414F-AE25-7EECDFEE8BBA}.Release.ActiveCfg = Release|Win32
		{BFB764EC-A94C-414F-AE25-7EECDFEE8BBA}.Release.Build.0 = Release|Win32
	EndGlobalSection
	GlobalSection(ExtensibilityGlobals) = postSolution
	EndGlobalSection
	GlobalSection(ExtensibilityAddIns) = postSolution
	EndGlobalSection
EndGlobal
