Microsoft Visual Studio Solution File, Format Version 8.00
Project("{8BC9CEB8-8B4A-11D0-8D11-00A0C91BC942}") = "json-c", "json-c.vcproj", "{04D8CDBE-FB3E-4362-87E6-07DC3C0083B2}"
	ProjectSection(ProjectDependencies) = postProject
	EndProjectSection
EndProject
Project("{8BC9CEB8-8B4A-11D0-8D11-00A0C91BC942}") = "test1", "test1\test1.vcproj", "{8B7C7340-8A5E-4E50-BAA0-5696C3EF0234}"
	ProjectSection(ProjectDependencies) = postProject
	EndProjectSection
EndProject
Global
	GlobalSection(SolutionConfiguration) = preSolution
		Debug = Debug
		Release = Release
	EndGlobalSection
	GlobalSection(ProjectConfiguration) = postSolution
		{04D8CDBE-FB3E-4362-87E6-07DC3C0083B2}.Debug.ActiveCfg = Debug|Win32
		{04D8CDBE-FB3E-4362-87E6-07DC3C0083B2}.Debug.Build.0 = Debug|Win32
		{04D8CDBE-FB3E-4362-87E6-07DC3C0083B2}.Release.ActiveCfg = Release|Win32
		{04D8CDBE-FB3E-4362-87E6-07DC3C0083B2}.Release.Build.0 = Release|Win32
		{8B7C7340-8A5E-4E50-BAA0-5696C3EF0234}.Debug.ActiveCfg = Debug|Win32
		{8B7C7340-8A5E-4E50-BAA0-5696C3EF0234}.Debug.Build.0 = Debug|Win32
		{8B7C7340-8A5E-4E50-BAA0-5696C3EF0234}.Release.ActiveCfg = Release|Win32
		{8B7C7340-8A5E-4E50-BAA0-5696C3EF0234}.Release.Build.0 = Release|Win32
	EndGlobalSection
	GlobalSection(ExtensibilityGlobals) = postSolution
	EndGlobalSection
	GlobalSection(ExtensibilityAddIns) = postSolution
	EndGlobalSection
EndGlobal
