// !$*UTF8*$!
{
	archiveVersion = 1;
	classes = {
	};
	objectVersion = 46;
	objects = {

/* Begin PBXBuildFile section */
		1D3623260D0F684500981E51 /* orbiterAppDelegate.m in Sources */ = {isa = PBXBuildFile; fileRef = 1D3623250D0F684500981E51 /* orbiterAppDelegate.m */; };
		1D60589B0D05DD56006BFB54 /* main.m in Sources */ = {isa = PBXBuildFile; fileRef = 29B97316FDCFA39411CA2CEA /* main.m */; };
		1D60589F0D05DD5A006BFB54 /* Foundation.framework in Frameworks */ = {isa = PBXBuildFile; fileRef = 1D30AB110D05D00D00671497 /* Foundation.framework */; };
		1DF5F4E00D08C38300B7A737 /* UIKit.framework in Frameworks */ = {isa = PBXBuildFile; fileRef = 1DF5F4DF0D08C38300B7A737 /* UIKit.framework */; };
		288765590DF743DE002DB57D /* CoreGraphics.framework in Frameworks */ = {isa = PBXBuildFile; fileRef = 288765580DF743DE002DB57D /* CoreGraphics.framework */; };
		95737825133FDAF3005F7613 /* Reachability.m in Sources */ = {isa = PBXBuildFile; fileRef = 95737824133FDAF3005F7613 /* Reachability.m */; };
		9573782B133FDB03005F7613 /* proxy-orbiter-client.m in Sources */ = {isa = PBXBuildFile; fileRef = 95737828133FDB03005F7613 /* proxy-orbiter-client.m */; };
		9573782C133FDB03005F7613 /* UIDeviceAdditions.m in Sources */ = {isa = PBXBuildFile; fileRef = 9573782A133FDB03005F7613 /* UIDeviceAdditions.m */; };
		B42F901812158B6C00FF5801 /* Settings.bundle in Resources */ = {isa = PBXBuildFile; fileRef = B42F901712158B6C00FF5801 /* Settings.bundle */; };
		B441FC7712282D4A00040E6C /* MainWindow.xib in Resources */ = {isa = PBXBuildFile; fileRef = B441FC7612282D4A00040E6C /* MainWindow.xib */; };
		B4558C82122694DB007E880C /* OrbiterView.m in Sources */ = {isa = PBXBuildFile; fileRef = B4558C81122694DB007E880C /* OrbiterView.m */; };
		B4558CA512269546007E880C /* AudioToolbox.framework in Frameworks */ = {isa = PBXBuildFile; fileRef = B4558CA412269546007E880C /* AudioToolbox.framework */; };
		B4558CAB12269568007E880C /* SystemConfiguration.framework in Frameworks */ = {isa = PBXBuildFile; fileRef = B4558CAA12269568007E880C /* SystemConfiguration.framework */; };
		B4CCC9371260DADC007ADE52 /* Icon-72.png in Resources */ = {isa = PBXBuildFile; fileRef = B4CCC92E1260DADC007ADE52 /* Icon-72.png */; };
		B4CCC9381260DADC007ADE52 /* Icon-Small-50.png in Resources */ = {isa = PBXBuildFile; fileRef = B4CCC92F1260DADC007ADE52 /* Icon-Small-50.png */; };
		B4CCC9391260DADC007ADE52 /* Icon-Small.png in Resources */ = {isa = PBXBuildFile; fileRef = B4CCC9301260DADC007ADE52 /* Icon-Small.png */; };
		B4CCC93A1260DADC007ADE52 /* Icon-Small@2x.png in Resources */ = {isa = PBXBuildFile; fileRef = B4CCC9311260DADC007ADE52 /* Icon-Small@2x.png */; };
		B4CCC93B1260DADC007ADE52 /* Icon.png in Resources */ = {isa = PBXBuildFile; fileRef = B4CCC9321260DADC007ADE52 /* Icon.png */; };
		B4CCC93C1260DADC007ADE52 /* Icon@2x.png in Resources */ = {isa = PBXBuildFile; fileRef = B4CCC9331260DADC007ADE52 /* Icon@2x.png */; };
		B4CCC9481260DC87007ADE52 /* splash-ipad.png in Resources */ = {isa = PBXBuildFile; fileRef = B4CCC9461260DC87007ADE52 /* splash-ipad.png */; };
		B4CCC9491260DC87007ADE52 /* splash.png in Resources */ = {isa = PBXBuildFile; fileRef = B4CCC9471260DC87007ADE52 /* splash.png */; };
		B4CCC9571260DE2F007ADE52 /* iTunesArtwork in Resources */ = {isa = PBXBuildFile; fileRef = B4CCC9561260DE2F007ADE52 /* iTunesArtwork */; };
/* End PBXBuildFile section */

/* Begin PBXFileReference section */
		1D30AB110D05D00D00671497 /* Foundation.framework */ = {isa = PBXFileReference; lastKnownFileType = wrapper.framework; name = Foundation.framework; path = System/Library/Frameworks/Foundation.framework; sourceTree = SDKROOT; };
		1D3623240D0F684500981E51 /* orbiterAppDelegate.h */ = {isa = PBXFileReference; fileEncoding = 4; lastKnownFileType = sourcecode.c.h; path = orbiterAppDelegate.h; sourceTree = "<group>"; };
		1D3623250D0F684500981E51 /* orbiterAppDelegate.m */ = {isa = PBXFileReference; fileEncoding = 4; lastKnownFileType = sourcecode.c.objc; path = orbiterAppDelegate.m; sourceTree = "<group>"; };
		1D6058910D05DD3D006BFB54 /* RoamingOrb.app */ = {isa = PBXFileReference; explicitFileType = wrapper.application; includeInIndex = 0; path = RoamingOrb.app; sourceTree = BUILT_PRODUCTS_DIR; };
		1DF5F4DF0D08C38300B7A737 /* UIKit.framework */ = {isa = PBXFileReference; lastKnownFileType = wrapper.framework; name = UIKit.framework; path = System/Library/Frameworks/UIKit.framework; sourceTree = SDKROOT; };
		288765580DF743DE002DB57D /* CoreGraphics.framework */ = {isa = PBXFileReference; lastKnownFileType = wrapper.framework; name = CoreGraphics.framework; path = System/Library/Frameworks/CoreGraphics.framework; sourceTree = SDKROOT; };
		29B97316FDCFA39411CA2CEA /* main.m */ = {isa = PBXFileReference; fileEncoding = 4; lastKnownFileType = sourcecode.c.objc; path = main.m; sourceTree = "<group>"; };
		32CA4F630368D1EE00C91783 /* RoamingOrb_Prefix.pch */ = {isa = PBXFileReference; fileEncoding = 4; lastKnownFileType = sourcecode.c.h; path = RoamingOrb_Prefix.pch; sourceTree = "<group>"; };
		8D1107310486CEB800E47090 /* RoamingOrb-Info.plist */ = {isa = PBXFileReference; fileEncoding = 4; lastKnownFileType = text.plist.xml; path = "RoamingOrb-Info.plist"; plistStructureDefinitionIdentifier = "com.apple.xcode.plist.structure-definition.iphone.info-plist"; sourceTree = "<group>"; };
		95737823133FDAF3005F7613 /* Reachability.h */ = {isa = PBXFileReference; fileEncoding = 4; lastKnownFileType = sourcecode.c.h; name = Reachability.h; path = ../../iPhone/RoamingOrb/Classes/Reachability.h; sourceTree = "<group>"; };
		95737824133FDAF3005F7613 /* Reachability.m */ = {isa = PBXFileReference; fileEncoding = 4; lastKnownFileType = sourcecode.c.objc; name = Reachability.m; path = ../../iPhone/RoamingOrb/Classes/Reachability.m; sourceTree = "<group>"; };
		95737827133FDB03005F7613 /* proxy-orbiter-client.h */ = {isa = PBXFileReference; fileEncoding = 4; lastKnownFileType = sourcecode.c.h; name = "proxy-orbiter-client.h"; path = "../../iPhone/RoamingOrb/Classes/proxy-orbiter-client.h"; sourceTree = "<group>"; };
		95737828133FDB03005F7613 /* proxy-orbiter-client.m */ = {isa = PBXFileReference; fileEncoding = 4; lastKnownFileType = sourcecode.c.objc; name = "proxy-orbiter-client.m"; path = "../../iPhone/RoamingOrb/Classes/proxy-orbiter-client.m"; sourceTree = "<group>"; };
		95737829133FDB03005F7613 /* UIDeviceAdditions.h */ = {isa = PBXFileReference; fileEncoding = 4; lastKnownFileType = sourcecode.c.h; name = UIDeviceAdditions.h; path = ../../iPhone/RoamingOrb/Classes/UIDeviceAdditions.h; sourceTree = "<group>"; };
		9573782A133FDB03005F7613 /* UIDeviceAdditions.m */ = {isa = PBXFileReference; fileEncoding = 4; lastKnownFileType = sourcecode.c.objc; name = UIDeviceAdditions.m; path = ../../iPhone/RoamingOrb/Classes/UIDeviceAdditions.m; sourceTree = "<group>"; };
		B42F901712158B6C00FF5801 /* Settings.bundle */ = {isa = PBXFileReference; lastKnownFileType = "wrapper.plug-in"; path = Settings.bundle; sourceTree = "<group>"; };
		B441FC7612282D4A00040E6C /* MainWindow.xib */ = {isa = PBXFileReference; lastKnownFileType = file.xib; path = MainWindow.xib; sourceTree = "<group>"; };
		B4558C80122694DB007E880C /* OrbiterView.h */ = {isa = PBXFileReference; fileEncoding = 4; lastKnownFileType = sourcecode.c.h; name = OrbiterView.h; path = Classes/OrbiterView.h; sourceTree = "<group>"; };
		B4558C81122694DB007E880C /* OrbiterView.m */ = {isa = PBXFileReference; fileEncoding = 4; lastKnownFileType = sourcecode.c.objc; name = OrbiterView.m; path = Classes/OrbiterView.m; sourceTree = "<group>"; };
		B4558CA412269546007E880C /* AudioToolbox.framework */ = {isa = PBXFileReference; lastKnownFileType = wrapper.framework; name = AudioToolbox.framework; path = System/Library/Frameworks/AudioToolbox.framework; sourceTree = SDKROOT; };
		B4558CAA12269568007E880C /* SystemConfiguration.framework */ = {isa = PBXFileReference; lastKnownFileType = wrapper.framework; name = SystemConfiguration.framework; path = System/Library/Frameworks/SystemConfiguration.framework; sourceTree = SDKROOT; };
		B4CCC92E1260DADC007ADE52 /* Icon-72.png */ = {isa = PBXFileReference; lastKnownFileType = image.png; name = "Icon-72.png"; path = "Assets/Icon-72.png"; sourceTree = "<group>"; };
		B4CCC92F1260DADC007ADE52 /* Icon-Small-50.png */ = {isa = PBXFileReference; lastKnownFileType = image.png; name = "Icon-Small-50.png"; path = "Assets/Icon-Small-50.png"; sourceTree = "<group>"; };
		B4CCC9301260DADC007ADE52 /* Icon-Small.png */ = {isa = PBXFileReference; lastKnownFileType = image.png; name = "Icon-Small.png"; path = "Assets/Icon-Small.png"; sourceTree = "<group>"; };
		B4CCC9311260DADC007ADE52 /* Icon-Small@2x.png */ = {isa = PBXFileReference; lastKnownFileType = image.png; name = "Icon-Small@2x.png"; path = "Assets/Icon-Small@2x.png"; sourceTree = "<group>"; };
		B4CCC9321260DADC007ADE52 /* Icon.png */ = {isa = PBXFileReference; lastKnownFileType = image.png; name = Icon.png; path = Assets/Icon.png; sourceTree = "<group>"; };
		B4CCC9331260DADC007ADE52 /* Icon@2x.png */ = {isa = PBXFileReference; lastKnownFileType = image.png; name = "Icon@2x.png"; path = "Assets/Icon@2x.png"; sourceTree = "<group>"; };
		B4CCC9461260DC87007ADE52 /* splash-ipad.png */ = {isa = PBXFileReference; lastKnownFileType = image.png; name = "splash-ipad.png"; path = "Assets/splash-ipad.png"; sourceTree = "<group>"; };
		B4CCC9471260DC87007ADE52 /* splash.png */ = {isa = PBXFileReference; lastKnownFileType = image.png; name = splash.png; path = Assets/splash.png; sourceTree = "<group>"; };
		B4CCC9561260DE2F007ADE52 /* iTunesArtwork */ = {isa = PBXFileReference; lastKnownFileType = file; name = iTunesArtwork; path = Assets/iTunesArtwork; sourceTree = "<group>"; };
/* End PBXFileReference section */

/* Begin PBXFrameworksBuildPhase section */
		1D60588F0D05DD3D006BFB54 /* Frameworks */ = {
			isa = PBXFrameworksBuildPhase;
			buildActionMask = 2147483647;
			files = (
				1D60589F0D05DD5A006BFB54 /* Foundation.framework in Frameworks */,
				1DF5F4E00D08C38300B7A737 /* UIKit.framework in Frameworks */,
				288765590DF743DE002DB57D /* CoreGraphics.framework in Frameworks */,
				B4558CA512269546007E880C /* AudioToolbox.framework in Frameworks */,
				B4558CAB12269568007E880C /* SystemConfiguration.framework in Frameworks */,
			);
			runOnlyForDeploymentPostprocessing = 0;
		};
/* End PBXFrameworksBuildPhase section */

/* Begin PBXGroup section */
		080E96DDFE201D6D7F000001 /* Application Delegate */ = {
			isa = PBXGroup;
			children = (
				1D3623240D0F684500981E51 /* orbiterAppDelegate.h */,
				1D3623250D0F684500981E51 /* orbiterAppDelegate.m */,
			);
			name = "Application Delegate";
			path = Classes;
			sourceTree = "<group>";
		};
		19C28FACFE9D520D11CA2CBB /* Products */ = {
			isa = PBXGroup;
			children = (
				B42F901712158B6C00FF5801 /* Settings.bundle */,
				1D6058910D05DD3D006BFB54 /* RoamingOrb.app */,
			);
			name = Products;
			sourceTree = "<group>";
		};
		289233A00DB2D0730083E9F9 /* Main View */ = {
			isa = PBXGroup;
			children = (
				B4558C80122694DB007E880C /* OrbiterView.h */,
				B4558C81122694DB007E880C /* OrbiterView.m */,
				080E96DDFE201D6D7F000001 /* Application Delegate */,
			);
			name = "Main View";
			sourceTree = "<group>";
		};
		29B97314FDCFA39411CA2CEA /* CustomTemplate */ = {
			isa = PBXGroup;
			children = (
				B4558D5312282BE4007E880C /* Assets */,
				289233A00DB2D0730083E9F9 /* Main View */,
				29B97315FDCFA39411CA2CEA /* Other Sources */,
				29B97317FDCFA39411CA2CEA /* Resources */,
				29B97323FDCFA39411CA2CEA /* Frameworks */,
				19C28FACFE9D520D11CA2CBB /* Products */,
			);
			name = CustomTemplate;
			sourceTree = "<group>";
		};
		29B97315FDCFA39411CA2CEA /* Other Sources */ = {
			isa = PBXGroup;
			children = (
				95737823133FDAF3005F7613 /* Reachability.h */,
				95737824133FDAF3005F7613 /* Reachability.m */,
				95737827133FDB03005F7613 /* proxy-orbiter-client.h */,
				95737828133FDB03005F7613 /* proxy-orbiter-client.m */,
				95737829133FDB03005F7613 /* UIDeviceAdditions.h */,
				9573782A133FDB03005F7613 /* UIDeviceAdditions.m */,
				32CA4F630368D1EE00C91783 /* RoamingOrb_Prefix.pch */,
				29B97316FDCFA39411CA2CEA /* main.m */,
			);
			name = "Other Sources";
			sourceTree = "<group>";
		};
		29B97317FDCFA39411CA2CEA /* Resources */ = {
			isa = PBXGroup;
			children = (
				B441FC7612282D4A00040E6C /* MainWindow.xib */,
				8D1107310486CEB800E47090 /* RoamingOrb-Info.plist */,
			);
			name = Resources;
			sourceTree = "<group>";
		};
		29B97323FDCFA39411CA2CEA /* Frameworks */ = {
			isa = PBXGroup;
			children = (
				1DF5F4DF0D08C38300B7A737 /* UIKit.framework */,
				1D30AB110D05D00D00671497 /* Foundation.framework */,
				288765580DF743DE002DB57D /* CoreGraphics.framework */,
				B4558CA412269546007E880C /* AudioToolbox.framework */,
				B4558CAA12269568007E880C /* SystemConfiguration.framework */,
			);
			name = Frameworks;
			sourceTree = "<group>";
		};
		B4558D5312282BE4007E880C /* Assets */ = {
			isa = PBXGroup;
			children = (
				B4CCC9461260DC87007ADE52 /* splash-ipad.png */,
				B4CCC9471260DC87007ADE52 /* splash.png */,
				B4CCC92E1260DADC007ADE52 /* Icon-72.png */,
				B4CCC92F1260DADC007ADE52 /* Icon-Small-50.png */,
				B4CCC9301260DADC007ADE52 /* Icon-Small.png */,
				B4CCC9311260DADC007ADE52 /* Icon-Small@2x.png */,
				B4CCC9321260DADC007ADE52 /* Icon.png */,
				B4CCC9331260DADC007ADE52 /* Icon@2x.png */,
				B4CCC9561260DE2F007ADE52 /* iTunesArtwork */,
			);
			name = Assets;
			sourceTree = "<group>";
		};
/* End PBXGroup section */

/* Begin PBXNativeTarget section */
		1D6058900D05DD3D006BFB54 /* RoamingOrb */ = {
			isa = PBXNativeTarget;
			buildConfigurationList = 1D6058960D05DD3E006BFB54 /* Build configuration list for PBXNativeTarget "RoamingOrb" */;
			buildPhases = (
				1D60588D0D05DD3D006BFB54 /* Resources */,
				1D60588E0D05DD3D006BFB54 /* Sources */,
				1D60588F0D05DD3D006BFB54 /* Frameworks */,
			);
			buildRules = (
			);
			dependencies = (
			);
			name = RoamingOrb;
			productName = orbiter;
			productReference = 1D6058910D05DD3D006BFB54 /* RoamingOrb.app */;
			productType = "com.apple.product-type.application";
		};
/* End PBXNativeTarget section */

/* Begin PBXProject section */
		29B97313FDCFA39411CA2CEA /* Project object */ = {
			isa = PBXProject;
			attributes = {
				ORGANIZATIONNAME = LinuxMCE;
			};
			buildConfigurationList = C01FCF4E08A954540054247B /* Build configuration list for PBXProject "RoamingOrb" */;
			compatibilityVersion = "Xcode 3.2";
			developmentRegion = English;
			hasScannedForEncodings = 1;
			knownRegions = (
				English,
				Japanese,
				French,
				German,
				en,
			);
			mainGroup = 29B97314FDCFA39411CA2CEA /* CustomTemplate */;
			projectDirPath = "";
			projectRoot = "";
			targets = (
				1D6058900D05DD3D006BFB54 /* RoamingOrb */,
			);
		};
/* End PBXProject section */

/* Begin PBXResourcesBuildPhase section */
		1D60588D0D05DD3D006BFB54 /* Resources */ = {
			isa = PBXResourcesBuildPhase;
			buildActionMask = 2147483647;
			files = (
				B42F901812158B6C00FF5801 /* Settings.bundle in Resources */,
				B441FC7712282D4A00040E6C /* MainWindow.xib in Resources */,
				B4CCC9371260DADC007ADE52 /* Icon-72.png in Resources */,
				B4CCC9381260DADC007ADE52 /* Icon-Small-50.png in Resources */,
				B4CCC9391260DADC007ADE52 /* Icon-Small.png in Resources */,
				B4CCC93A1260DADC007ADE52 /* Icon-Small@2x.png in Resources */,
				B4CCC93B1260DADC007ADE52 /* Icon.png in Resources */,
				B4CCC93C1260DADC007ADE52 /* Icon@2x.png in Resources */,
				B4CCC9481260DC87007ADE52 /* splash-ipad.png in Resources */,
				B4CCC9491260DC87007ADE52 /* splash.png in Resources */,
				B4CCC9571260DE2F007ADE52 /* iTunesArtwork in Resources */,
			);
			runOnlyForDeploymentPostprocessing = 0;
		};
/* End PBXResourcesBuildPhase section */

/* Begin PBXSourcesBuildPhase section */
		1D60588E0D05DD3D006BFB54 /* Sources */ = {
			isa = PBXSourcesBuildPhase;
			buildActionMask = 2147483647;
			files = (
				1D60589B0D05DD56006BFB54 /* main.m in Sources */,
				1D3623260D0F684500981E51 /* orbiterAppDelegate.m in Sources */,
				B4558C82122694DB007E880C /* OrbiterView.m in Sources */,
				95737825133FDAF3005F7613 /* Reachability.m in Sources */,
				9573782B133FDB03005F7613 /* proxy-orbiter-client.m in Sources */,
				9573782C133FDB03005F7613 /* UIDeviceAdditions.m in Sources */,
			);
			runOnlyForDeploymentPostprocessing = 0;
		};
/* End PBXSourcesBuildPhase section */

/* Begin XCBuildConfiguration section */
		1D6058940D05DD3E006BFB54 /* Debug */ = {
			isa = XCBuildConfiguration;
			buildSettings = {
				ALWAYS_SEARCH_USER_PATHS = NO;
				COPY_PHASE_STRIP = NO;
				GCC_DYNAMIC_NO_PIC = NO;
				GCC_OPTIMIZATION_LEVEL = 0;
				GCC_PRECOMPILE_PREFIX_HEADER = YES;
				GCC_PREFIX_HEADER = RoamingOrb_Prefix.pch;
				INFOPLIST_FILE = "RoamingOrb-Info.plist";
				IPHONEOS_DEPLOYMENT_TARGET = 3.1.3;
				PRODUCT_NAME = RoamingOrb;
			};
			name = Debug;
		};
		1D6058950D05DD3E006BFB54 /* Release */ = {
			isa = XCBuildConfiguration;
			buildSettings = {
				ALWAYS_SEARCH_USER_PATHS = NO;
				CODE_SIGN_IDENTITY = "iPhone Distribution";
				COPY_PHASE_STRIP = YES;
				GCC_PRECOMPILE_PREFIX_HEADER = YES;
				GCC_PREFIX_HEADER = RoamingOrb_Prefix.pch;
				INFOPLIST_FILE = "RoamingOrb-Info.plist";
				IPHONEOS_DEPLOYMENT_TARGET = 3.1.3;
				PRODUCT_NAME = RoamingOrb;
				PROVISIONING_PROFILE = "";
				VALIDATE_PRODUCT = YES;
			};
			name = Release;
		};
		C01FCF4F08A954540054247B /* Debug */ = {
			isa = XCBuildConfiguration;
			buildSettings = {
				ARCHS = "$(ARCHS_STANDARD_32_BIT)";
				CODE_SIGN_ENTITLEMENTS = "";
				CODE_SIGN_IDENTITY = "iPhone Developer: Serge Wagener (SQ49Q52J6Y)";
				"CODE_SIGN_IDENTITY[sdk=iphoneos*]" = "iPhone Developer: Serge Wagener (SQ49Q52J6Y)";
				GCC_C_LANGUAGE_STANDARD = c99;
				GCC_WARN_ABOUT_RETURN_TYPE = YES;
				GCC_WARN_UNUSED_VARIABLE = YES;
				IPHONEOS_DEPLOYMENT_TARGET = 3.1;
				PREBINDING = NO;
				SDKROOT = iphonesimulator4.1;
				TARGETED_DEVICE_FAMILY = "1,2";
			};
			name = Debug;
		};
		C01FCF5008A954540054247B /* Release */ = {
			isa = XCBuildConfiguration;
			buildSettings = {
				ARCHS = "$(ARCHS_STANDARD_32_BIT)";
				CODE_SIGN_IDENTITY = "iPhone Distribution: Serge Wagener";
				"CODE_SIGN_IDENTITY[sdk=iphoneos*]" = "iPhone Distribution: Serge Wagener";
				GCC_C_LANGUAGE_STANDARD = c99;
				GCC_WARN_ABOUT_RETURN_TYPE = YES;
				GCC_WARN_UNUSED_VARIABLE = YES;
				IPHONEOS_DEPLOYMENT_TARGET = 3.1;
				OTHER_CFLAGS = "-DNS_BLOCK_ASSERTIONS=1";
				PREBINDING = NO;
				SDKROOT = iphonesimulator4.1;
				SEPARATE_STRIP = NO;
				TARGETED_DEVICE_FAMILY = "1,2";
			};
			name = Release;
		};
/* End XCBuildConfiguration section */

/* Begin XCConfigurationList section */
		1D6058960D05DD3E006BFB54 /* Build configuration list for PBXNativeTarget "RoamingOrb" */ = {
			isa = XCConfigurationList;
			buildConfigurations = (
				1D6058940D05DD3E006BFB54 /* Debug */,
				1D6058950D05DD3E006BFB54 /* Release */,
			);
			defaultConfigurationIsVisible = 0;
			defaultConfigurationName = Release;
		};
		C01FCF4E08A954540054247B /* Build configuration list for PBXProject "RoamingOrb" */ = {
			isa = XCConfigurationList;
			buildConfigurations = (
				C01FCF4F08A954540054247B /* Debug */,
				C01FCF5008A954540054247B /* Release */,
			);
			defaultConfigurationIsVisible = 0;
			defaultConfigurationName = Release;
		};
/* End XCConfigurationList section */
	};
	rootObject = 29B97313FDCFA39411CA2CEA /* Project object */;
}
